
Microsoft Visual Studio Solution File, Format Version 12.00
# Visual Studio 15
VisualStudioVersion = 15.0.27703.2026
MinimumVisualStudioVersion = 10.0.40219.1
Project("{FAE04EC0-301F-11D3-BF4B-00C04F79EFBC}") = "LightCopy", "LightCopy\LightCopy.csproj", "{A8F3E9E0-9949-42B8-AE20-A8CECFED1632}"
EndProject
Global
	GlobalSection(SolutionConfigurationPlatforms) = preSolution
		Debug|Any CPU = Debug|Any CPU
		Release|Any CPU = Release|Any CPU
	EndGlobalSection
	GlobalSection(ProjectConfigurationPlatforms) = postSolution
		{A8F3E9E0-9949-42B8-AE20-A8CECFED1632}.Debug|Any CPU.ActiveCfg = Debug|Any CPU
		{A8F3E9E0-9949-42B8-AE20-A8CECFED1632}.Debug|Any CPU.Build.0 = Debug|Any CPU
		{A8F3E9E0-9949-42B8-AE20-A8CECFED1632}.Release|Any CPU.ActiveCfg = Release|Any CPU
		{A8F3E9E0-9949-42B8-AE20-A8CECFED1632}.Release|Any CPU.Build.0 = Release|Any CPU
	EndGlobalSection
	GlobalSection(SolutionProperties) = preSolution
		HideSolutionNode = FALSE
	EndGlobalSection
	GlobalSection(ExtensibilityGlobals) = postSolution
		SolutionGuid = {D5CBD246-34CE-4F6C-AD22-5772CBE1D99B}
	EndGlobalSection
EndGlobal
